
Microsoft Visual Studio Solution File, Format Version 12.00
# Visual Studio Version 17
VisualStudioVersion = 17.13.35806.99
MinimumVisualStudioVersion = 10.0.40219.1
Project("{FAE04EC0-301F-11D3-BF4B-00C04F79EFBC}") = "Database_Books_Entity", "Database_Books_Entity.csproj", "{782ACA18-6F80-4072-928A-BBCCFD8B5A10}"
EndProject
Global
	GlobalSection(SolutionConfigurationPlatforms) = preSolution
		Debug|Any CPU = Debug|Any CPU
		Release|Any CPU = Release|Any CPU
	EndGlobalSection
	GlobalSection(ProjectConfigurationPlatforms) = postSolution
		{782ACA18-6F80-4072-928A-BBCCFD8B5A10}.Debug|Any CPU.ActiveCfg = Debug|Any CPU
		{782ACA18-6F80-4072-928A-BBCCFD8B5A10}.Debug|Any CPU.Build.0 = Debug|Any CPU
		{782ACA18-6F80-4072-928A-BBCCFD8B5A10}.Release|Any CPU.ActiveCfg = Release|Any CPU
		{782ACA18-6F80-4072-928A-BBCCFD8B5A10}.Release|Any CPU.Build.0 = Release|Any CPU
	EndGlobalSection
	GlobalSection(SolutionProperties) = preSolution
		HideSolutionNode = FALSE
	EndGlobalSection
	GlobalSection(ExtensibilityGlobals) = postSolution
		SolutionGuid = {D2490945-4EA6-4A6A-A938-FED390D5581D}
	EndGlobalSection
EndGlobal
